// !$*UTF8*$!
{
	archiveVersion = 1;
	classes = {
	};
	objectVersion = 56;
	objects = {

/* Begin PBXBuildFile section */
		5FC4553629DF8F4D00E17FDD /* Money_ManagerApp.swift in Sources */ = {isa = PBXBuildFile; fileRef = 5FC4553529DF8F4D00E17FDD /* Money_ManagerApp.swift */; };
		5FC4553829DF8F4D00E17FDD /* ContentView.swift in Sources */ = {isa = PBXBuildFile; fileRef = 5FC4553729DF8F4D00E17FDD /* ContentView.swift */; };
		5FC4553A29DF8F4E00E17FDD /* Assets.xcassets in Resources */ = {isa = PBXBuildFile; fileRef = 5FC4553929DF8F4E00E17FDD /* Assets.xcassets */; };
		5FC4553E29DF8F4E00E17FDD /* Preview Assets.xcassets in Resources */ = {isa = PBXBuildFile; fileRef = 5FC4553D29DF8F4E00E17FDD /* Preview Assets.xcassets */; };
		5FC4554829DF8F4E00E17FDD /* Money_ManagerTests.swift in Sources */ = {isa = PBXBuildFile; fileRef = 5FC4554729DF8F4E00E17FDD /* Money_ManagerTests.swift */; };
		5FC4555229DF8F4E00E17FDD /* Money_ManagerUITests.swift in Sources */ = {isa = PBXBuildFile; fileRef = 5FC4555129DF8F4E00E17FDD /* Money_ManagerUITests.swift */; };
		5FC4555429DF8F4E00E17FDD /* Money_ManagerUITestsLaunchTests.swift in Sources */ = {isa = PBXBuildFile; fileRef = 5FC4555329DF8F4E00E17FDD /* Money_ManagerUITestsLaunchTests.swift */; };
/* End PBXBuildFile section */

/* Begin PBXContainerItemProxy section */
		5FC4554429DF8F4E00E17FDD /* PBXContainerItemProxy */ = {
			isa = PBXContainerItemProxy;
			containerPortal = 5FC4552A29DF8F4D00E17FDD /* Project object */;
			proxyType = 1;
			remoteGlobalIDString = 5FC4553129DF8F4D00E17FDD;
			remoteInfo = "Money Manager";
		};
		5FC4554E29DF8F4E00E17FDD /* PBXContainerItemProxy */ = {
			isa = PBXContainerItemProxy;
			containerPortal = 5FC4552A29DF8F4D00E17FDD /* Project object */;
			proxyType = 1;
			remoteGlobalIDString = 5FC4553129DF8F4D00E17FDD;
			remoteInfo = "Money Manager";
		};
/* End PBXContainerItemProxy section */

/* Begin PBXFileReference section */
		5FC4553229DF8F4D00E17FDD /* Money Manager.app */ = {isa = PBXFileReference; explicitFileType = wrapper.application; includeInIndex = 0; path = "Money Manager.app"; sourceTree = BUILT_PRODUCTS_DIR; };
		5FC4553529DF8F4D00E17FDD /* Money_ManagerApp.swift */ = {isa = PBXFileReference; lastKnownFileType = sourcecode.swift; path = Money_ManagerApp.swift; sourceTree = "<group>"; };
		5FC4553729DF8F4D00E17FDD /* ContentView.swift */ = {isa = PBXFileReference; lastKnownFileType = sourcecode.swift; path = ContentView.swift; sourceTree = "<group>"; };
		5FC4553929DF8F4E00E17FDD /* Assets.xcassets */ = {isa = PBXFileReference; lastKnownFileType = folder.assetcatalog; path = Assets.xcassets; sourceTree = "<group>"; };
		5FC4553B29DF8F4E00E17FDD /* Money_Manager.entitlements */ = {isa = PBXFileReference; lastKnownFileType = text.plist.entitlements; path = Money_Manager.entitlements; sourceTree = "<group>"; };
		5FC4553D29DF8F4E00E17FDD /* Preview Assets.xcassets */ = {isa = PBXFileReference; lastKnownFileType = folder.assetcatalog; path = "Preview Assets.xcassets"; sourceTree = "<group>"; };
		5FC4554329DF8F4E00E17FDD /* Money ManagerTests.xctest */ = {isa = PBXFileReference; explicitFileType = wrapper.cfbundle; includeInIndex = 0; path = "Money ManagerTests.xctest"; sourceTree = BUILT_PRODUCTS_DIR; };
		5FC4554729DF8F4E00E17FDD /* Money_ManagerTests.swift */ = {isa = PBXFileReference; lastKnownFileType = sourcecode.swift; path = Money_ManagerTests.swift; sourceTree = "<group>"; };
		5FC4554D29DF8F4E00E17FDD /* Money ManagerUITests.xctest */ = {isa = PBXFileReference; explicitFileType = wrapper.cfbundle; includeInIndex = 0; path = "Money ManagerUITests.xctest"; sourceTree = BUILT_PRODUCTS_DIR; };
		5FC4555129DF8F4E00E17FDD /* Money_ManagerUITests.swift */ = {isa = PBXFileReference; lastKnownFileType = sourcecode.swift; path = Money_ManagerUITests.swift; sourceTree = "<group>"; };
		5FC4555329DF8F4E00E17FDD /* Money_ManagerUITestsLaunchTests.swift */ = {isa = PBXFileReference; lastKnownFileType = sourcecode.swift; path = Money_ManagerUITestsLaunchTests.swift; sourceTree = "<group>"; };
/* End PBXFileReference section */

/* Begin PBXFrameworksBuildPhase section */
		5FC4552F29DF8F4D00E17FDD /* Frameworks */ = {
			isa = PBXFrameworksBuildPhase;
			buildActionMask = 2147483647;
			files = (
			);
			runOnlyForDeploymentPostprocessing = 0;
		};
		5FC4554029DF8F4E00E17FDD /* Frameworks */ = {
			isa = PBXFrameworksBuildPhase;
			buildActionMask = 2147483647;
			files = (
			);
			runOnlyForDeploymentPostprocessing = 0;
		};
		5FC4554A29DF8F4E00E17FDD /* Frameworks */ = {
			isa = PBXFrameworksBuildPhase;
			buildActionMask = 2147483647;
			files = (
			);
			runOnlyForDeploymentPostprocessing = 0;
		};
/* End PBXFrameworksBuildPhase section */

/* Begin PBXGroup section */
		5FC4552929DF8F4D00E17FDD = {
			isa = PBXGroup;
			children = (
				5FC4553429DF8F4D00E17FDD /* Money Manager */,
				5FC4554629DF8F4E00E17FDD /* Money ManagerTests */,
				5FC4555029DF8F4E00E17FDD /* Money ManagerUITests */,
				5FC4553329DF8F4D00E17FDD /* Products */,
			);
			sourceTree = "<group>";
		};
		5FC4553329DF8F4D00E17FDD /* Products */ = {
			isa = PBXGroup;
			children = (
				5FC4553229DF8F4D00E17FDD /* Money Manager.app */,
				5FC4554329DF8F4E00E17FDD /* Money ManagerTests.xctest */,
				5FC4554D29DF8F4E00E17FDD /* Money ManagerUITests.xctest */,
			);
			name = Products;
			sourceTree = "<group>";
		};
		5FC4553429DF8F4D00E17FDD /* Money Manager */ = {
			isa = PBXGroup;
			children = (
				5FC4553529DF8F4D00E17FDD /* Money_ManagerApp.swift */,
				5FC4553729DF8F4D00E17FDD /* ContentView.swift */,
				5FC4553929DF8F4E00E17FDD /* Assets.xcassets */,
				5FC4553B29DF8F4E00E17FDD /* Money_Manager.entitlements */,
				5FC4553C29DF8F4E00E17FDD /* Preview Content */,
			);
			path = "Money Manager";
			sourceTree = "<group>";
		};
		5FC4553C29DF8F4E00E17FDD /* Preview Content */ = {
			isa = PBXGroup;
			children = (
				5FC4553D29DF8F4E00E17FDD /* Preview Assets.xcassets */,
			);
			path = "Preview Content";
			sourceTree = "<group>";
		};
		5FC4554629DF8F4E00E17FDD /* Money ManagerTests */ = {
			isa = PBXGroup;
			children = (
				5FC4554729DF8F4E00E17FDD /* Money_ManagerTests.swift */,
			);
			path = "Money ManagerTests";
			sourceTree = "<group>";
		};
		5FC4555029DF8F4E00E17FDD /* Money ManagerUITests */ = {
			isa = PBXGroup;
			children = (
				5FC4555129DF8F4E00E17FDD /* Money_ManagerUITests.swift */,
				5FC4555329DF8F4E00E17FDD /* Money_ManagerUITestsLaunchTests.swift */,
			);
			path = "Money ManagerUITests";
			sourceTree = "<group>";
		};
/* End PBXGroup section */

/* Begin PBXNativeTarget section */
		5FC4553129DF8F4D00E17FDD /* Money Manager */ = {
			isa = PBXNativeTarget;
			buildConfigurationList = 5FC4555729DF8F4E00E17FDD /* Build configuration list for PBXNativeTarget "Money Manager" */;
			buildPhases = (
				5FC4552E29DF8F4D00E17FDD /* Sources */,
				5FC4552F29DF8F4D00E17FDD /* Frameworks */,
				5FC4553029DF8F4D00E17FDD /* Resources */,
			);
			buildRules = (
			);
			dependencies = (
			);
			name = "Money Manager";
			productName = "Money Manager";
			productReference = 5FC4553229DF8F4D00E17FDD /* Money Manager.app */;
			productType = "com.apple.product-type.application";
		};
		5FC4554229DF8F4E00E17FDD /* Money ManagerTests */ = {
			isa = PBXNativeTarget;
			buildConfigurationList = 5FC4555A29DF8F4E00E17FDD /* Build configuration list for PBXNativeTarget "Money ManagerTests" */;
			buildPhases = (
				5FC4553F29DF8F4E00E17FDD /* Sources */,
				5FC4554029DF8F4E00E17FDD /* Frameworks */,
				5FC4554129DF8F4E00E17FDD /* Resources */,
			);
			buildRules = (
			);
			dependencies = (
				5FC4554529DF8F4E00E17FDD /* PBXTargetDependency */,
			);
			name = "Money ManagerTests";
			productName = "Money ManagerTests";
			productReference = 5FC4554329DF8F4E00E17FDD /* Money ManagerTests.xctest */;
			productType = "com.apple.product-type.bundle.unit-test";
		};
		5FC4554C29DF8F4E00E17FDD /* Money ManagerUITests */ = {
			isa = PBXNativeTarget;
			buildConfigurationList = 5FC4555D29DF8F4E00E17FDD /* Build configuration list for PBXNativeTarget "Money ManagerUITests" */;
			buildPhases = (
				5FC4554929DF8F4E00E17FDD /* Sources */,
				5FC4554A29DF8F4E00E17FDD /* Frameworks */,
				5FC4554B29DF8F4E00E17FDD /* Resources */,
			);
			buildRules = (
			);
			dependencies = (
				5FC4554F29DF8F4E00E17FDD /* PBXTargetDependency */,
			);
			name = "Money ManagerUITests";
			productName = "Money ManagerUITests";
			productReference = 5FC4554D29DF8F4E00E17FDD /* Money ManagerUITests.xctest */;
			productType = "com.apple.product-type.bundle.ui-testing";
		};
/* End PBXNativeTarget section */

/* Begin PBXProject section */
		5FC4552A29DF8F4D00E17FDD /* Project object */ = {
			isa = PBXProject;
			attributes = {
				BuildIndependentTargetsInParallel = 1;
				LastSwiftUpdateCheck = 1430;
				LastUpgradeCheck = 1430;
				TargetAttributes = {
					5FC4553129DF8F4D00E17FDD = {
						CreatedOnToolsVersion = 14.3;
					};
					5FC4554229DF8F4E00E17FDD = {
						CreatedOnToolsVersion = 14.3;
						TestTargetID = 5FC4553129DF8F4D00E17FDD;
					};
					5FC4554C29DF8F4E00E17FDD = {
						CreatedOnToolsVersion = 14.3;
						TestTargetID = 5FC4553129DF8F4D00E17FDD;
					};
				};
			};
			buildConfigurationList = 5FC4552D29DF8F4D00E17FDD /* Build configuration list for PBXProject "Money Manager" */;
			compatibilityVersion = "Xcode 14.0";
			developmentRegion = en;
			hasScannedForEncodings = 0;
			knownRegions = (
				en,
				Base,
			);
			mainGroup = 5FC4552929DF8F4D00E17FDD;
			productRefGroup = 5FC4553329DF8F4D00E17FDD /* Products */;
			projectDirPath = "";
			projectRoot = "";
			targets = (
				5FC4553129DF8F4D00E17FDD /* Money Manager */,
				5FC4554229DF8F4E00E17FDD /* Money ManagerTests */,
				5FC4554C29DF8F4E00E17FDD /* Money ManagerUITests */,
			);
		};
/* End PBXProject section */

/* Begin PBXResourcesBuildPhase section */
		5FC4553029DF8F4D00E17FDD /* Resources */ = {
			isa = PBXResourcesBuildPhase;
			buildActionMask = 2147483647;
			files = (
				5FC4553E29DF8F4E00E17FDD /* Preview Assets.xcassets in Resources */,
				5FC4553A29DF8F4E00E17FDD /* Assets.xcassets in Resources */,
			);
			runOnlyForDeploymentPostprocessing = 0;
		};
		5FC4554129DF8F4E00E17FDD /* Resources */ = {
			isa = PBXResourcesBuildPhase;
			buildActionMask = 2147483647;
			files = (
			);
			runOnlyForDeploymentPostprocessing = 0;
		};
		5FC4554B29DF8F4E00E17FDD /* Resources */ = {
			isa = PBXResourcesBuildPhase;
			buildActionMask = 2147483647;
			files = (
			);
			runOnlyForDeploymentPostprocessing = 0;
		};
/* End PBXResourcesBuildPhase section */

/* Begin PBXSourcesBuildPhase section */
		5FC4552E29DF8F4D00E17FDD /* Sources */ = {
			isa = PBXSourcesBuildPhase;
			buildActionMask = 2147483647;
			files = (
				5FC4553829DF8F4D00E17FDD /* ContentView.swift in Sources */,
				5FC4553629DF8F4D00E17FDD /* Money_ManagerApp.swift in Sources */,
			);
			runOnlyForDeploymentPostprocessing = 0;
		};
		5FC4553F29DF8F4E00E17FDD /* Sources */ = {
			isa = PBXSourcesBuildPhase;
			buildActionMask = 2147483647;
			files = (
				5FC4554829DF8F4E00E17FDD /* Money_ManagerTests.swift in Sources */,
			);
			runOnlyForDeploymentPostprocessing = 0;
		};
		5FC4554929DF8F4E00E17FDD /* Sources */ = {
			isa = PBXSourcesBuildPhase;
			buildActionMask = 2147483647;
			files = (
				5FC4555229DF8F4E00E17FDD /* Money_ManagerUITests.swift in Sources */,
				5FC4555429DF8F4E00E17FDD /* Money_ManagerUITestsLaunchTests.swift in Sources */,
			);
			runOnlyForDeploymentPostprocessing = 0;
		};
/* End PBXSourcesBuildPhase section */

/* Begin PBXTargetDependency section */
		5FC4554529DF8F4E00E17FDD /* PBXTargetDependency */ = {
			isa = PBXTargetDependency;
			target = 5FC4553129DF8F4D00E17FDD /* Money Manager */;
			targetProxy = 5FC4554429DF8F4E00E17FDD /* PBXContainerItemProxy */;
		};
		5FC4554F29DF8F4E00E17FDD /* PBXTargetDependency */ = {
			isa = PBXTargetDependency;
			target = 5FC4553129DF8F4D00E17FDD /* Money Manager */;
			targetProxy = 5FC4554E29DF8F4E00E17FDD /* PBXContainerItemProxy */;
		};
/* End PBXTargetDependency section */

/* Begin XCBuildConfiguration section */
		5FC4555529DF8F4E00E17FDD /* Debug */ = {
			isa = XCBuildConfiguration;
			buildSettings = {
				ALWAYS_SEARCH_USER_PATHS = NO;
				CLANG_ANALYZER_NONNULL = YES;
				CLANG_ANALYZER_NUMBER_OBJECT_CONVERSION = YES_AGGRESSIVE;
				CLANG_CXX_LANGUAGE_STANDARD = "gnu++20";
				CLANG_ENABLE_MODULES = YES;
				CLANG_ENABLE_OBJC_ARC = YES;
				CLANG_ENABLE_OBJC_WEAK = YES;
				CLANG_WARN_BLOCK_CAPTURE_AUTORELEASING = YES;
				CLANG_WARN_BOOL_CONVERSION = YES;
				CLANG_WARN_COMMA = YES;
				CLANG_WARN_CONSTANT_CONVERSION = YES;
				CLANG_WARN_DEPRECATED_OBJC_IMPLEMENTATIONS = YES;
				CLANG_WARN_DIRECT_OBJC_ISA_USAGE = YES_ERROR;
				CLANG_WARN_DOCUMENTATION_COMMENTS = YES;
				CLANG_WARN_EMPTY_BODY = YES;
				CLANG_WARN_ENUM_CONVERSION = YES;
				CLANG_WARN_INFINITE_RECURSION = YES;
				CLANG_WARN_INT_CONVERSION = YES;
				CLANG_WARN_NON_LITERAL_NULL_CONVERSION = YES;
				CLANG_WARN_OBJC_IMPLICIT_RETAIN_SELF = YES;
				CLANG_WARN_OBJC_LITERAL_CONVERSION = YES;
				CLANG_WARN_OBJC_ROOT_CLASS = YES_ERROR;
				CLANG_WARN_QUOTED_INCLUDE_IN_FRAMEWORK_HEADER = YES;
				CLANG_WARN_RANGE_LOOP_ANALYSIS = YES;
				CLANG_WARN_STRICT_PROTOTYPES = YES;
				CLANG_WARN_SUSPICIOUS_MOVE = YES;
				CLANG_WARN_UNGUARDED_AVAILABILITY = YES_AGGRESSIVE;
				CLANG_WARN_UNREACHABLE_CODE = YES;
				CLANG_WARN__DUPLICATE_METHOD_MATCH = YES;
				COPY_PHASE_STRIP = NO;
				DEBUG_INFORMATION_FORMAT = dwarf;
				ENABLE_STRICT_OBJC_MSGSEND = YES;
				ENABLE_TESTABILITY = YES;
				GCC_C_LANGUAGE_STANDARD = gnu11;
				GCC_DYNAMIC_NO_PIC = NO;
				GCC_NO_COMMON_BLOCKS = YES;
				GCC_OPTIMIZATION_LEVEL = 0;
				GCC_PREPROCESSOR_DEFINITIONS = (
					"DEBUG=1",
					"$(inherited)",
				);
				GCC_WARN_64_TO_32_BIT_CONVERSION = YES;
				GCC_WARN_ABOUT_RETURN_TYPE = YES_ERROR;
				GCC_WARN_UNDECLARED_SELECTOR = YES;
				GCC_WARN_UNINITIALIZED_AUTOS = YES_AGGRESSIVE;
				GCC_WARN_UNUSED_FUNCTION = YES;
				GCC_WARN_UNUSED_VARIABLE = YES;
				MTL_ENABLE_DEBUG_INFO = INCLUDE_SOURCE;
				MTL_FAST_MATH = YES;
				ONLY_ACTIVE_ARCH = YES;
				SWIFT_ACTIVE_COMPILATION_CONDITIONS = DEBUG;
				SWIFT_OPTIMIZATION_LEVEL = "-Onone";
			};
			name = Debug;
		};
		5FC4555629DF8F4E00E17FDD /* Release */ = {
			isa = XCBuildConfiguration;
			buildSettings = {
				ALWAYS_SEARCH_USER_PATHS = NO;
				CLANG_ANALYZER_NONNULL = YES;
				CLANG_ANALYZER_NUMBER_OBJECT_CONVERSION = YES_AGGRESSIVE;
				CLANG_CXX_LANGUAGE_STANDARD = "gnu++20";
				CLANG_ENABLE_MODULES = YES;
				CLANG_ENABLE_OBJC_ARC = YES;
				CLANG_ENABLE_OBJC_WEAK = YES;
				CLANG_WARN_BLOCK_CAPTURE_AUTORELEASING = YES;
				CLANG_WARN_BOOL_CONVERSION = YES;
				CLANG_WARN_COMMA = YES;
				CLANG_WARN_CONSTANT_CONVERSION = YES;
				CLANG_WARN_DEPRECATED_OBJC_IMPLEMENTATIONS = YES;
				CLANG_WARN_DIRECT_OBJC_ISA_USAGE = YES_ERROR;
				CLANG_WARN_DOCUMENTATION_COMMENTS = YES;
				CLANG_WARN_EMPTY_BODY = YES;
				CLANG_WARN_ENUM_CONVERSION = YES;
				CLANG_WARN_INFINITE_RECURSION = YES;
				CLANG_WARN_INT_CONVERSION = YES;
				CLANG_WARN_NON_LITERAL_NULL_CONVERSION = YES;
				CLANG_WARN_OBJC_IMPLICIT_RETAIN_SELF = YES;
				CLANG_WARN_OBJC_LITERAL_CONVERSION = YES;
				CLANG_WARN_OBJC_ROOT_CLASS = YES_ERROR;
				CLANG_WARN_QUOTED_INCLUDE_IN_FRAMEWORK_HEADER = YES;
				CLANG_WARN_RANGE_LOOP_ANALYSIS = YES;
				CLANG_WARN_STRICT_PROTOTYPES = YES;
				CLANG_WARN_SUSPICIOUS_MOVE = YES;
				CLANG_WARN_UNGUARDED_AVAILABILITY = YES_AGGRESSIVE;
				CLANG_WARN_UNREACHABLE_CODE = YES;
				CLANG_WARN__DUPLICATE_METHOD_MATCH = YES;
				COPY_PHASE_STRIP = NO;
				DEBUG_INFORMATION_FORMAT = "dwarf-with-dsym";
				ENABLE_NS_ASSERTIONS = NO;
				ENABLE_STRICT_OBJC_MSGSEND = YES;
				GCC_C_LANGUAGE_STANDARD = gnu11;
				GCC_NO_COMMON_BLOCKS = YES;
				GCC_WARN_64_TO_32_BIT_CONVERSION = YES;
				GCC_WARN_ABOUT_RETURN_TYPE = YES_ERROR;
				GCC_WARN_UNDECLARED_SELECTOR = YES;
				GCC_WARN_UNINITIALIZED_AUTOS = YES_AGGRESSIVE;
				GCC_WARN_UNUSED_FUNCTION = YES;
				GCC_WARN_UNUSED_VARIABLE = YES;
				MTL_ENABLE_DEBUG_INFO = NO;
				MTL_FAST_MATH = YES;
				SWIFT_COMPILATION_MODE = wholemodule;
				SWIFT_OPTIMIZATION_LEVEL = "-O";
			};
			name = Release;
		};
		5FC4555829DF8F4E00E17FDD /* Debug */ = {
			isa = XCBuildConfiguration;
			buildSettings = {
				ASSETCATALOG_COMPILER_APPICON_NAME = AppIcon;
				ASSETCATALOG_COMPILER_GLOBAL_ACCENT_COLOR_NAME = AccentColor;
				CODE_SIGN_ENTITLEMENTS = "Money Manager/Money_Manager.entitlements";
				CODE_SIGN_STYLE = Automatic;
				CURRENT_PROJECT_VERSION = 1;
				DEVELOPMENT_ASSET_PATHS = "\"Money Manager/Preview Content\"";
				DEVELOPMENT_TEAM = MAF9PB243Z;
				ENABLE_HARDENED_RUNTIME = YES;
				ENABLE_PREVIEWS = YES;
				GENERATE_INFOPLIST_FILE = YES;
				"INFOPLIST_KEY_UIApplicationSceneManifest_Generation[sdk=iphoneos*]" = YES;
				"INFOPLIST_KEY_UIApplicationSceneManifest_Generation[sdk=iphonesimulator*]" = YES;
				"INFOPLIST_KEY_UIApplicationSupportsIndirectInputEvents[sdk=iphoneos*]" = YES;
				"INFOPLIST_KEY_UIApplicationSupportsIndirectInputEvents[sdk=iphonesimulator*]" = YES;
				"INFOPLIST_KEY_UILaunchScreen_Generation[sdk=iphoneos*]" = YES;
				"INFOPLIST_KEY_UILaunchScreen_Generation[sdk=iphonesimulator*]" = YES;
				"INFOPLIST_KEY_UIStatusBarStyle[sdk=iphoneos*]" = UIStatusBarStyleDefault;
				"INFOPLIST_KEY_UIStatusBarStyle[sdk=iphonesimulator*]" = UIStatusBarStyleDefault;
				INFOPLIST_KEY_UISupportedInterfaceOrientations_iPad = "UIInterfaceOrientationPortrait UIInterfaceOrientationPortraitUpsideDown UIInterfaceOrientationLandscapeLeft UIInterfaceOrientationLandscapeRight";
				INFOPLIST_KEY_UISupportedInterfaceOrientations_iPhone = "UIInterfaceOrientationPortrait UIInterfaceOrientationLandscapeLeft UIInterfaceOrientationLandscapeRight";
				IPHONEOS_DEPLOYMENT_TARGET = 16.4;
				LD_RUNPATH_SEARCH_PATHS = "@executable_path/Frameworks";
				"LD_RUNPATH_SEARCH_PATHS[sdk=macosx*]" = "@executable_path/../Frameworks";
				MACOSX_DEPLOYMENT_TARGET = 13.3;
				MARKETING_VERSION = 1.0;
				PRODUCT_BUNDLE_IDENTIFIER = "Alex-Chan.Money-Manager";
				PRODUCT_NAME = "$(TARGET_NAME)";
				SDKROOT = auto;
				SUPPORTED_PLATFORMS = "iphoneos iphonesimulator macosx";
				SWIFT_EMIT_LOC_STRINGS = YES;
				SWIFT_VERSION = 5.0;
				TARGETED_DEVICE_FAMILY = "1,2";
			};
			name = Debug;
		};
		5FC4555929DF8F4E00E17FDD /* Release */ = {
			isa = XCBuildConfiguration;
			buildSettings = {
				ASSETCATALOG_COMPILER_APPICON_NAME = AppIcon;
				ASSETCATALOG_COMPILER_GLOBAL_ACCENT_COLOR_NAME = AccentColor;
				CODE_SIGN_ENTITLEMENTS = "Money Manager/Money_Manager.entitlements";
				CODE_SIGN_STYLE = Automatic;
				CURRENT_PROJECT_VERSION = 1;
				DEVELOPMENT_ASSET_PATHS = "\"Money Manager/Preview Content\"";
				DEVELOPMENT_TEAM = MAF9PB243Z;
				ENABLE_HARDENED_RUNTIME = YES;
				ENABLE_PREVIEWS = YES;
				GENERATE_INFOPLIST_FILE = YES;
				"INFOPLIST_KEY_UIApplicationSceneManifest_Generation[sdk=iphoneos*]" = YES;
				"INFOPLIST_KEY_UIApplicationSceneManifest_Generation[sdk=iphonesimulator*]" = YES;
				"INFOPLIST_KEY_UIApplicationSupportsIndirectInputEvents[sdk=iphoneos*]" = YES;
				"INFOPLIST_KEY_UIApplicationSupportsIndirectInputEvents[sdk=iphonesimulator*]" = YES;
				"INFOPLIST_KEY_UILaunchScreen_Generation[sdk=iphoneos*]" = YES;
				"INFOPLIST_KEY_UILaunchScreen_Generation[sdk=iphonesimulator*]" = YES;
				"INFOPLIST_KEY_UIStatusBarStyle[sdk=iphoneos*]" = UIStatusBarStyleDefault;
				"INFOPLIST_KEY_UIStatusBarStyle[sdk=iphonesimulator*]" = UIStatusBarStyleDefault;
				INFOPLIST_KEY_UISupportedInterfaceOrientations_iPad = "UIInterfaceOrientationPortrait UIInterfaceOrientationPortraitUpsideDown UIInterfaceOrientationLandscapeLeft UIInterfaceOrientationLandscapeRight";
				INFOPLIST_KEY_UISupportedInterfaceOrientations_iPhone = "UIInterfaceOrientationPortrait UIInterfaceOrientationLandscapeLeft UIInterfaceOrientationLandscapeRight";
				IPHONEOS_DEPLOYMENT_TARGET = 16.4;
				LD_RUNPATH_SEARCH_PATHS = "@executable_path/Frameworks";
				"LD_RUNPATH_SEARCH_PATHS[sdk=macosx*]" = "@executable_path/../Frameworks";
				MACOSX_DEPLOYMENT_TARGET = 13.3;
				MARKETING_VERSION = 1.0;
				PRODUCT_BUNDLE_IDENTIFIER = "Alex-Chan.Money-Manager";
				PRODUCT_NAME = "$(TARGET_NAME)";
				SDKROOT = auto;
				SUPPORTED_PLATFORMS = "iphoneos iphonesimulator macosx";
				SWIFT_EMIT_LOC_STRINGS = YES;
				SWIFT_VERSION = 5.0;
				TARGETED_DEVICE_FAMILY = "1,2";
			};
			name = Release;
		};
		5FC4555B29DF8F4E00E17FDD /* Debug */ = {
			isa = XCBuildConfiguration;
			buildSettings = {
				ALWAYS_EMBED_SWIFT_STANDARD_LIBRARIES = YES;
				BUNDLE_LOADER = "$(TEST_HOST)";
				CODE_SIGN_STYLE = Automatic;
				CURRENT_PROJECT_VERSION = 1;
				DEVELOPMENT_TEAM = MAF9PB243Z;
				GENERATE_INFOPLIST_FILE = YES;
				IPHONEOS_DEPLOYMENT_TARGET = 16.4;
				MACOSX_DEPLOYMENT_TARGET = 13.3;
				MARKETING_VERSION = 1.0;
				PRODUCT_BUNDLE_IDENTIFIER = "Alex-Chan.Money-ManagerTests";
				PRODUCT_NAME = "$(TARGET_NAME)";
				SDKROOT = auto;
				SUPPORTED_PLATFORMS = "iphoneos iphonesimulator macosx";
				SWIFT_EMIT_LOC_STRINGS = NO;
				SWIFT_VERSION = 5.0;
				TARGETED_DEVICE_FAMILY = "1,2";
				TEST_HOST = "$(BUILT_PRODUCTS_DIR)/Money Manager.app/$(BUNDLE_EXECUTABLE_FOLDER_PATH)/Money Manager";
			};
			name = Debug;
		};
		5FC4555C29DF8F4E00E17FDD /* Release */ = {
			isa = XCBuildConfiguration;
			buildSettings = {
				ALWAYS_EMBED_SWIFT_STANDARD_LIBRARIES = YES;
				BUNDLE_LOADER = "$(TEST_HOST)";
				CODE_SIGN_STYLE = Automatic;
				CURRENT_PROJECT_VERSION = 1;
				DEVELOPMENT_TEAM = MAF9PB243Z;
				GENERATE_INFOPLIST_FILE = YES;
				IPHONEOS_DEPLOYMENT_TARGET = 16.4;
				MACOSX_DEPLOYMENT_TARGET = 13.3;
				MARKETING_VERSION = 1.0;
				PRODUCT_BUNDLE_IDENTIFIER = "Alex-Chan.Money-ManagerTests";
				PRODUCT_NAME = "$(TARGET_NAME)";
				SDKROOT = auto;
				SUPPORTED_PLATFORMS = "iphoneos iphonesimulator macosx";
				SWIFT_EMIT_LOC_STRINGS = NO;
				SWIFT_VERSION = 5.0;
				TARGETED_DEVICE_FAMILY = "1,2";
				TEST_HOST = "$(BUILT_PRODUCTS_DIR)/Money Manager.app/$(BUNDLE_EXECUTABLE_FOLDER_PATH)/Money Manager";
			};
			name = Release;
		};
		5FC4555E29DF8F4E00E17FDD /* Debug */ = {
			isa = XCBuildConfiguration;
			buildSettings = {
				ALWAYS_EMBED_SWIFT_STANDARD_LIBRARIES = YES;
				CODE_SIGN_STYLE = Automatic;
				CURRENT_PROJECT_VERSION = 1;
				DEVELOPMENT_TEAM = MAF9PB243Z;
				GENERATE_INFOPLIST_FILE = YES;
				IPHONEOS_DEPLOYMENT_TARGET = 16.4;
				MACOSX_DEPLOYMENT_TARGET = 13.3;
				MARKETING_VERSION = 1.0;
				PRODUCT_BUNDLE_IDENTIFIER = "Alex-Chan.Money-ManagerUITests";
				PRODUCT_NAME = "$(TARGET_NAME)";
				SDKROOT = auto;
				SUPPORTED_PLATFORMS = "iphoneos iphonesimulator macosx";
				SWIFT_EMIT_LOC_STRINGS = NO;
				SWIFT_VERSION = 5.0;
				TARGETED_DEVICE_FAMILY = "1,2";
				TEST_TARGET_NAME = "Money Manager";
			};
			name = Debug;
		};
		5FC4555F29DF8F4E00E17FDD /* Release */ = {
			isa = XCBuildConfiguration;
			buildSettings = {
				ALWAYS_EMBED_SWIFT_STANDARD_LIBRARIES = YES;
				CODE_SIGN_STYLE = Automatic;
				CURRENT_PROJECT_VERSION = 1;
				DEVELOPMENT_TEAM = MAF9PB243Z;
				GENERATE_INFOPLIST_FILE = YES;
				IPHONEOS_DEPLOYMENT_TARGET = 16.4;
				MACOSX_DEPLOYMENT_TARGET = 13.3;
				MARKETING_VERSION = 1.0;
				PRODUCT_BUNDLE_IDENTIFIER = "Alex-Chan.Money-ManagerUITests";
				PRODUCT_NAME = "$(TARGET_NAME)";
				SDKROOT = auto;
				SUPPORTED_PLATFORMS = "iphoneos iphonesimulator macosx";
				SWIFT_EMIT_LOC_STRINGS = NO;
				SWIFT_VERSION = 5.0;
				TARGETED_DEVICE_FAMILY = "1,2";
				TEST_TARGET_NAME = "Money Manager";
			};
			name = Release;
		};
/* End XCBuildConfiguration section */

/* Begin XCConfigurationList section */
		5FC4552D29DF8F4D00E17FDD /* Build configuration list for PBXProject "Money Manager" */ = {
			isa = XCConfigurationList;
			buildConfigurations = (
				5FC4555529DF8F4E00E17FDD /* Debug */,
				5FC4555629DF8F4E00E17FDD /* Release */,
			);
			defaultConfigurationIsVisible = 0;
			defaultConfigurationName = Release;
		};
		5FC4555729DF8F4E00E17FDD /* Build configuration list for PBXNativeTarget "Money Manager" */ = {
			isa = XCConfigurationList;
			buildConfigurations = (
				5FC4555829DF8F4E00E17FDD /* Debug */,
				5FC4555929DF8F4E00E17FDD /* Release */,
			);
			defaultConfigurationIsVisible = 0;
			defaultConfigurationName = Release;
		};
		5FC4555A29DF8F4E00E17FDD /* Build configuration list for PBXNativeTarget "Money ManagerTests" */ = {
			isa = XCConfigurationList;
			buildConfigurations = (
				5FC4555B29DF8F4E00E17FDD /* Debug */,
				5FC4555C29DF8F4E00E17FDD /* Release */,
			);
			defaultConfigurationIsVisible = 0;
			defaultConfigurationName = Release;
		};
		5FC4555D29DF8F4E00E17FDD /* Build configuration list for PBXNativeTarget "Money ManagerUITests" */ = {
			isa = XCConfigurationList;
			buildConfigurations = (
				5FC4555E29DF8F4E00E17FDD /* Debug */,
				5FC4555F29DF8F4E00E17FDD /* Release */,
			);
			defaultConfigurationIsVisible = 0;
			defaultConfigurationName = Release;
		};
/* End XCConfigurationList section */
	};
	rootObject = 5FC4552A29DF8F4D00E17FDD /* Project object */;
}
